
Microsoft Visual Studio Solution File, Format Version 12.00
# Visual Studio 15
VisualStudioVersion = 15.0.26403.7
MinimumVisualStudioVersion = 10.0.40219.1
Project("{2150E333-8FDC-42A3-9474-1A3956D46DE8}") = "Solution Items", "Solution Items", "{40F43243-F65C-4FE5-BB22-E0C54EB9277C}"
	ProjectSection(SolutionItems) = preProject
		Main.js = Main.js
		Management.js = Management.js
		Player.js = Player.js
		Ranking.js = Ranking.js
		Series.js = Series.js
	EndProjectSection
EndProject
Global
	GlobalSection(SolutionProperties) = preSolution
		HideSolutionNode = FALSE
	EndGlobalSection
EndGlobal
